// !$*UTF8*$!
{
	archiveVersion = 1;
	classes = {
	};
	objectVersion = 46;
	objects = {

/* Begin PBXBuildFile section */
		75A5220C1E5C3BDC003BF2DC /* main.cpp in Sources */ = {isa = PBXBuildFile; fileRef = 75A5220B1E5C3BDC003BF2DC /* main.cpp */; };
		75A522161E5C3C74003BF2DC /* game.cpp in Sources */ = {isa = PBXBuildFile; fileRef = 75A522121E5C3C74003BF2DC /* game.cpp */; };
		75A522171E5C3C74003BF2DC /* GameObjects.cpp in Sources */ = {isa = PBXBuildFile; fileRef = 75A522131E5C3C74003BF2DC /* GameObjects.cpp */; };
		75A522181E5C3C74003BF2DC /* Makefile in Sources */ = {isa = PBXBuildFile; fileRef = 75A522151E5C3C74003BF2DC /* Makefile */; };
/* End PBXBuildFile section */

/* Begin PBXCopyFilesBuildPhase section */
		75A522061E5C3BDC003BF2DC /* CopyFiles */ = {
			isa = PBXCopyFilesBuildPhase;
			buildActionMask = 2147483647;
			dstPath = /usr/share/man/man1/;
			dstSubfolderSpec = 0;
			files = (
			);
			runOnlyForDeploymentPostprocessing = 1;
		};
/* End PBXCopyFilesBuildPhase section */

/* Begin PBXFileReference section */
		75A522081E5C3BDC003BF2DC /* sfml */ = {isa = PBXFileReference; explicitFileType = "compiled.mach-o.executable"; includeInIndex = 0; path = sfml; sourceTree = BUILT_PRODUCTS_DIR; };
		75A5220B1E5C3BDC003BF2DC /* main.cpp */ = {isa = PBXFileReference; lastKnownFileType = sourcecode.cpp.cpp; path = main.cpp; sourceTree = "<group>"; };
		75A522121E5C3C74003BF2DC /* game.cpp */ = {isa = PBXFileReference; fileEncoding = 4; lastKnownFileType = sourcecode.cpp.cpp; name = game.cpp; path = old_code/game.cpp; sourceTree = SOURCE_ROOT; };
		75A522131E5C3C74003BF2DC /* GameObjects.cpp */ = {isa = PBXFileReference; fileEncoding = 4; lastKnownFileType = sourcecode.cpp.cpp; name = GameObjects.cpp; path = old_code/GameObjects.cpp; sourceTree = SOURCE_ROOT; };
		75A522141E5C3C74003BF2DC /* GameObjects.h */ = {isa = PBXFileReference; fileEncoding = 4; lastKnownFileType = sourcecode.c.h; name = GameObjects.h; path = old_code/GameObjects.h; sourceTree = SOURCE_ROOT; };
		75A522151E5C3C74003BF2DC /* Makefile */ = {isa = PBXFileReference; fileEncoding = 4; lastKnownFileType = sourcecode.make; name = Makefile; path = old_code/Makefile; sourceTree = SOURCE_ROOT; };
/* End PBXFileReference section */

/* Begin PBXFrameworksBuildPhase section */
		75A522051E5C3BDC003BF2DC /* Frameworks */ = {
			isa = PBXFrameworksBuildPhase;
			buildActionMask = 2147483647;
			files = (
			);
			runOnlyForDeploymentPostprocessing = 0;
		};
/* End PBXFrameworksBuildPhase section */

/* Begin PBXGroup section */
		75A521FF1E5C3BDC003BF2DC = {
			isa = PBXGroup;
			children = (
				75A5220A1E5C3BDC003BF2DC /* sfml */,
				75A522091E5C3BDC003BF2DC /* Products */,
			);
			sourceTree = "<group>";
		};
		75A522091E5C3BDC003BF2DC /* Products */ = {
			isa = PBXGroup;
			children = (
				75A522081E5C3BDC003BF2DC /* sfml */,
			);
			name = Products;
			sourceTree = "<group>";
		};
		75A5220A1E5C3BDC003BF2DC /* sfml */ = {
			isa = PBXGroup;
			children = (
				75A522121E5C3C74003BF2DC /* game.cpp */,
				75A522131E5C3C74003BF2DC /* GameObjects.cpp */,
				75A522141E5C3C74003BF2DC /* GameObjects.h */,
				75A522151E5C3C74003BF2DC /* Makefile */,
				75A5220B1E5C3BDC003BF2DC /* main.cpp */,
			);
			path = sfml;
			sourceTree = "<group>";
		};
/* End PBXGroup section */

/* Begin PBXNativeTarget section */
		75A522071E5C3BDC003BF2DC /* sfml */ = {
			isa = PBXNativeTarget;
			buildConfigurationList = 75A5220F1E5C3BDC003BF2DC /* Build configuration list for PBXNativeTarget "sfml" */;
			buildPhases = (
				75A522041E5C3BDC003BF2DC /* Sources */,
				75A522051E5C3BDC003BF2DC /* Frameworks */,
				75A522061E5C3BDC003BF2DC /* CopyFiles */,
			);
			buildRules = (
			);
			dependencies = (
			);
			name = sfml;
			productName = sfml;
			productReference = 75A522081E5C3BDC003BF2DC /* sfml */;
			productType = "com.apple.product-type.tool";
		};
/* End PBXNativeTarget section */

/* Begin PBXProject section */
		75A522001E5C3BDC003BF2DC /* Project object */ = {
			isa = PBXProject;
			attributes = {
				LastUpgradeCheck = 0820;
				ORGANIZATIONNAME = "Mikal Stapnes";
				TargetAttributes = {
					75A522071E5C3BDC003BF2DC = {
						CreatedOnToolsVersion = 8.2.1;
						DevelopmentTeam = MJA597TJD5;
						ProvisioningStyle = Automatic;
					};
				};
			};
			buildConfigurationList = 75A522031E5C3BDC003BF2DC /* Build configuration list for PBXProject "sfml" */;
			compatibilityVersion = "Xcode 3.2";
			developmentRegion = English;
			hasScannedForEncodings = 0;
			knownRegions = (
				en,
			);
			mainGroup = 75A521FF1E5C3BDC003BF2DC;
			productRefGroup = 75A522091E5C3BDC003BF2DC /* Products */;
			projectDirPath = "";
			projectRoot = "";
			targets = (
				75A522071E5C3BDC003BF2DC /* sfml */,
			);
		};
/* End PBXProject section */

/* Begin PBXSourcesBuildPhase section */
		75A522041E5C3BDC003BF2DC /* Sources */ = {
			isa = PBXSourcesBuildPhase;
			buildActionMask = 2147483647;
			files = (
				75A522171E5C3C74003BF2DC /* GameObjects.cpp in Sources */,
				75A5220C1E5C3BDC003BF2DC /* main.cpp in Sources */,
				75A522181E5C3C74003BF2DC /* Makefile in Sources */,
				75A522161E5C3C74003BF2DC /* game.cpp in Sources */,
			);
			runOnlyForDeploymentPostprocessing = 0;
		};
/* End PBXSourcesBuildPhase section */

/* Begin XCBuildConfiguration section */
		75A5220D1E5C3BDC003BF2DC /* Debug */ = {
			isa = XCBuildConfiguration;
			buildSettings = {
				ALWAYS_SEARCH_USER_PATHS = NO;
				CLANG_ANALYZER_NONNULL = YES;
				CLANG_CXX_LANGUAGE_STANDARD = "gnu++0x";
				CLANG_CXX_LIBRARY = "libc++";
				CLANG_ENABLE_MODULES = YES;
				CLANG_ENABLE_OBJC_ARC = YES;
				CLANG_WARN_BOOL_CONVERSION = YES;
				CLANG_WARN_CONSTANT_CONVERSION = YES;
				CLANG_WARN_DIRECT_OBJC_ISA_USAGE = YES_ERROR;
				CLANG_WARN_DOCUMENTATION_COMMENTS = YES;
				CLANG_WARN_EMPTY_BODY = YES;
				CLANG_WARN_ENUM_CONVERSION = YES;
				CLANG_WARN_INFINITE_RECURSION = YES;
				CLANG_WARN_INT_CONVERSION = YES;
				CLANG_WARN_OBJC_ROOT_CLASS = YES_ERROR;
				CLANG_WARN_SUSPICIOUS_MOVE = YES;
				CLANG_WARN_UNREACHABLE_CODE = YES;
				CLANG_WARN__DUPLICATE_METHOD_MATCH = YES;
				CODE_SIGN_IDENTITY = "-";
				COPY_PHASE_STRIP = NO;
				DEBUG_INFORMATION_FORMAT = dwarf;
				ENABLE_STRICT_OBJC_MSGSEND = YES;
				ENABLE_TESTABILITY = YES;
				GCC_C_LANGUAGE_STANDARD = gnu99;
				GCC_DYNAMIC_NO_PIC = NO;
				GCC_NO_COMMON_BLOCKS = YES;
				GCC_OPTIMIZATION_LEVEL = 0;
				GCC_PREPROCESSOR_DEFINITIONS = (
					"DEBUG=1",
					"$(inherited)",
				);
				GCC_WARN_64_TO_32_BIT_CONVERSION = YES;
				GCC_WARN_ABOUT_RETURN_TYPE = YES_ERROR;
				GCC_WARN_UNDECLARED_SELECTOR = YES;
				GCC_WARN_UNINITIALIZED_AUTOS = YES_AGGRESSIVE;
				GCC_WARN_UNUSED_FUNCTION = YES;
				GCC_WARN_UNUSED_VARIABLE = YES;
				MACOSX_DEPLOYMENT_TARGET = 10.12;
				MTL_ENABLE_DEBUG_INFO = YES;
				ONLY_ACTIVE_ARCH = YES;
				SDKROOT = macosx;
			};
			name = Debug;
		};
		75A5220E1E5C3BDC003BF2DC /* Release */ = {
			isa = XCBuildConfiguration;
			buildSettings = {
				ALWAYS_SEARCH_USER_PATHS = NO;
				CLANG_ANALYZER_NONNULL = YES;
				CLANG_CXX_LANGUAGE_STANDARD = "gnu++0x";
				CLANG_CXX_LIBRARY = "libc++";
				CLANG_ENABLE_MODULES = YES;
				CLANG_ENABLE_OBJC_ARC = YES;
				CLANG_WARN_BOOL_CONVERSION = YES;
				CLANG_WARN_CONSTANT_CONVERSION = YES;
				CLANG_WARN_DIRECT_OBJC_ISA_USAGE = YES_ERROR;
				CLANG_WARN_DOCUMENTATION_COMMENTS = YES;
				CLANG_WARN_EMPTY_BODY = YES;
				CLANG_WARN_ENUM_CONVERSION = YES;
				CLANG_WARN_INFINITE_RECURSION = YES;
				CLANG_WARN_INT_CONVERSION = YES;
				CLANG_WARN_OBJC_ROOT_CLASS = YES_ERROR;
				CLANG_WARN_SUSPICIOUS_MOVE = YES;
				CLANG_WARN_UNREACHABLE_CODE = YES;
				CLANG_WARN__DUPLICATE_METHOD_MATCH = YES;
				CODE_SIGN_IDENTITY = "-";
				COPY_PHASE_STRIP = NO;
				DEBUG_INFORMATION_FORMAT = "dwarf-with-dsym";
				ENABLE_NS_ASSERTIONS = NO;
				ENABLE_STRICT_OBJC_MSGSEND = YES;
				GCC_C_LANGUAGE_STANDARD = gnu99;
				GCC_NO_COMMON_BLOCKS = YES;
				GCC_WARN_64_TO_32_BIT_CONVERSION = YES;
				GCC_WARN_ABOUT_RETURN_TYPE = YES_ERROR;
				GCC_WARN_UNDECLARED_SELECTOR = YES;
				GCC_WARN_UNINITIALIZED_AUTOS = YES_AGGRESSIVE;
				GCC_WARN_UNUSED_FUNCTION = YES;
				GCC_WARN_UNUSED_VARIABLE = YES;
				MACOSX_DEPLOYMENT_TARGET = 10.12;
				MTL_ENABLE_DEBUG_INFO = NO;
				SDKROOT = macosx;
			};
			name = Release;
		};
		75A522101E5C3BDC003BF2DC /* Debug */ = {
			isa = XCBuildConfiguration;
			buildSettings = {
				DEVELOPMENT_TEAM = MJA597TJD5;
				PRODUCT_NAME = "$(TARGET_NAME)";
			};
			name = Debug;
		};
		75A522111E5C3BDC003BF2DC /* Release */ = {
			isa = XCBuildConfiguration;
			buildSettings = {
				DEVELOPMENT_TEAM = MJA597TJD5;
				PRODUCT_NAME = "$(TARGET_NAME)";
			};
			name = Release;
		};
/* End XCBuildConfiguration section */

/* Begin XCConfigurationList section */
		75A522031E5C3BDC003BF2DC /* Build configuration list for PBXProject "sfml" */ = {
			isa = XCConfigurationList;
			buildConfigurations = (
				75A5220D1E5C3BDC003BF2DC /* Debug */,
				75A5220E1E5C3BDC003BF2DC /* Release */,
			);
			defaultConfigurationIsVisible = 0;
			defaultConfigurationName = Release;
		};
		75A5220F1E5C3BDC003BF2DC /* Build configuration list for PBXNativeTarget "sfml" */ = {
			isa = XCConfigurationList;
			buildConfigurations = (
				75A522101E5C3BDC003BF2DC /* Debug */,
				75A522111E5C3BDC003BF2DC /* Release */,
			);
			defaultConfigurationIsVisible = 0;
		};
/* End XCConfigurationList section */
	};
	rootObject = 75A522001E5C3BDC003BF2DC /* Project object */;
}
