// !$*UTF8*$!
{
	archiveVersion = 1;
	classes = {
	};
	objectVersion = 46;
	objects = {

/* Begin PBXBuildFile section */
		752736521E3F78D500233633 /* mastermind.cpp in Sources */ = {isa = PBXBuildFile; fileRef = 752736501E3F78D500233633 /* mastermind.cpp */; };
		75D2A0751E3E383F00A31104 /* main.cpp in Sources */ = {isa = PBXBuildFile; fileRef = 75D2A0741E3E383F00A31104 /* main.cpp */; };
		75D2A07D1E3E3A0D00A31104 /* utilities.cpp in Sources */ = {isa = PBXBuildFile; fileRef = 75D2A07B1E3E3A0D00A31104 /* utilities.cpp */; };
		75D2A0801E3E3A8800A31104 /* tests.cpp in Sources */ = {isa = PBXBuildFile; fileRef = 75D2A07E1E3E3A8800A31104 /* tests.cpp */; };
/* End PBXBuildFile section */

/* Begin PBXCopyFilesBuildPhase section */
		75D2A06F1E3E383E00A31104 /* CopyFiles */ = {
			isa = PBXCopyFilesBuildPhase;
			buildActionMask = 2147483647;
			dstPath = /usr/share/man/man1/;
			dstSubfolderSpec = 0;
			files = (
			);
			runOnlyForDeploymentPostprocessing = 1;
		};
/* End PBXCopyFilesBuildPhase section */

/* Begin PBXFileReference section */
		752736501E3F78D500233633 /* mastermind.cpp */ = {isa = PBXFileReference; fileEncoding = 4; lastKnownFileType = sourcecode.cpp.cpp; path = mastermind.cpp; sourceTree = "<group>"; };
		752736511E3F78D500233633 /* mastermind.hpp */ = {isa = PBXFileReference; fileEncoding = 4; lastKnownFileType = sourcecode.cpp.h; path = mastermind.hpp; sourceTree = "<group>"; };
		75D2A0711E3E383F00A31104 /* oving4 */ = {isa = PBXFileReference; explicitFileType = "compiled.mach-o.executable"; includeInIndex = 0; path = oving4; sourceTree = BUILT_PRODUCTS_DIR; };
		75D2A0741E3E383F00A31104 /* main.cpp */ = {isa = PBXFileReference; lastKnownFileType = sourcecode.cpp.cpp; path = main.cpp; sourceTree = "<group>"; };
		75D2A07B1E3E3A0D00A31104 /* utilities.cpp */ = {isa = PBXFileReference; fileEncoding = 4; lastKnownFileType = sourcecode.cpp.cpp; path = utilities.cpp; sourceTree = "<group>"; };
		75D2A07C1E3E3A0D00A31104 /* utilities.hpp */ = {isa = PBXFileReference; fileEncoding = 4; lastKnownFileType = sourcecode.cpp.h; path = utilities.hpp; sourceTree = "<group>"; };
		75D2A07E1E3E3A8800A31104 /* tests.cpp */ = {isa = PBXFileReference; fileEncoding = 4; lastKnownFileType = sourcecode.cpp.cpp; path = tests.cpp; sourceTree = "<group>"; };
		75D2A07F1E3E3A8800A31104 /* tests.hpp */ = {isa = PBXFileReference; fileEncoding = 4; lastKnownFileType = sourcecode.cpp.h; path = tests.hpp; sourceTree = "<group>"; };
/* End PBXFileReference section */

/* Begin PBXFrameworksBuildPhase section */
		75D2A06E1E3E383E00A31104 /* Frameworks */ = {
			isa = PBXFrameworksBuildPhase;
			buildActionMask = 2147483647;
			files = (
			);
			runOnlyForDeploymentPostprocessing = 0;
		};
/* End PBXFrameworksBuildPhase section */

/* Begin PBXGroup section */
		75D2A0681E3E383E00A31104 = {
			isa = PBXGroup;
			children = (
				75D2A0731E3E383F00A31104 /* oving4 */,
				75D2A0721E3E383F00A31104 /* Products */,
			);
			sourceTree = "<group>";
		};
		75D2A0721E3E383F00A31104 /* Products */ = {
			isa = PBXGroup;
			children = (
				75D2A0711E3E383F00A31104 /* oving4 */,
			);
			name = Products;
			sourceTree = "<group>";
		};
		75D2A0731E3E383F00A31104 /* oving4 */ = {
			isa = PBXGroup;
			children = (
				75D2A0741E3E383F00A31104 /* main.cpp */,
				752736501E3F78D500233633 /* mastermind.cpp */,
				752736511E3F78D500233633 /* mastermind.hpp */,
				75D2A07B1E3E3A0D00A31104 /* utilities.cpp */,
				75D2A07C1E3E3A0D00A31104 /* utilities.hpp */,
				75D2A07E1E3E3A8800A31104 /* tests.cpp */,
				75D2A07F1E3E3A8800A31104 /* tests.hpp */,
			);
			path = oving4;
			sourceTree = "<group>";
		};
/* End PBXGroup section */

/* Begin PBXNativeTarget section */
		75D2A0701E3E383E00A31104 /* oving4 */ = {
			isa = PBXNativeTarget;
			buildConfigurationList = 75D2A0781E3E383F00A31104 /* Build configuration list for PBXNativeTarget "oving4" */;
			buildPhases = (
				75D2A06D1E3E383E00A31104 /* Sources */,
				75D2A06E1E3E383E00A31104 /* Frameworks */,
				75D2A06F1E3E383E00A31104 /* CopyFiles */,
			);
			buildRules = (
			);
			dependencies = (
			);
			name = oving4;
			productName = oving4;
			productReference = 75D2A0711E3E383F00A31104 /* oving4 */;
			productType = "com.apple.product-type.tool";
		};
/* End PBXNativeTarget section */

/* Begin PBXProject section */
		75D2A0691E3E383E00A31104 /* Project object */ = {
			isa = PBXProject;
			attributes = {
				LastUpgradeCheck = 0820;
				ORGANIZATIONNAME = "Mikal Stapnes";
				TargetAttributes = {
					75D2A0701E3E383E00A31104 = {
						CreatedOnToolsVersion = 8.2.1;
						DevelopmentTeam = MJA597TJD5;
						ProvisioningStyle = Automatic;
					};
				};
			};
			buildConfigurationList = 75D2A06C1E3E383E00A31104 /* Build configuration list for PBXProject "oving4" */;
			compatibilityVersion = "Xcode 3.2";
			developmentRegion = English;
			hasScannedForEncodings = 0;
			knownRegions = (
				en,
			);
			mainGroup = 75D2A0681E3E383E00A31104;
			productRefGroup = 75D2A0721E3E383F00A31104 /* Products */;
			projectDirPath = "";
			projectRoot = "";
			targets = (
				75D2A0701E3E383E00A31104 /* oving4 */,
			);
		};
/* End PBXProject section */

/* Begin PBXSourcesBuildPhase section */
		75D2A06D1E3E383E00A31104 /* Sources */ = {
			isa = PBXSourcesBuildPhase;
			buildActionMask = 2147483647;
			files = (
				75D2A07D1E3E3A0D00A31104 /* utilities.cpp in Sources */,
				75D2A0751E3E383F00A31104 /* main.cpp in Sources */,
				75D2A0801E3E3A8800A31104 /* tests.cpp in Sources */,
				752736521E3F78D500233633 /* mastermind.cpp in Sources */,
			);
			runOnlyForDeploymentPostprocessing = 0;
		};
/* End PBXSourcesBuildPhase section */

/* Begin XCBuildConfiguration section */
		75D2A0761E3E383F00A31104 /* Debug */ = {
			isa = XCBuildConfiguration;
			buildSettings = {
				ALWAYS_SEARCH_USER_PATHS = NO;
				CLANG_ANALYZER_NONNULL = YES;
				CLANG_CXX_LANGUAGE_STANDARD = "gnu++0x";
				CLANG_CXX_LIBRARY = "libc++";
				CLANG_ENABLE_MODULES = YES;
				CLANG_ENABLE_OBJC_ARC = YES;
				CLANG_WARN_BOOL_CONVERSION = YES;
				CLANG_WARN_CONSTANT_CONVERSION = YES;
				CLANG_WARN_DIRECT_OBJC_ISA_USAGE = YES_ERROR;
				CLANG_WARN_DOCUMENTATION_COMMENTS = YES;
				CLANG_WARN_EMPTY_BODY = YES;
				CLANG_WARN_ENUM_CONVERSION = YES;
				CLANG_WARN_INFINITE_RECURSION = YES;
				CLANG_WARN_INT_CONVERSION = YES;
				CLANG_WARN_OBJC_ROOT_CLASS = YES_ERROR;
				CLANG_WARN_SUSPICIOUS_MOVE = YES;
				CLANG_WARN_UNREACHABLE_CODE = YES;
				CLANG_WARN__DUPLICATE_METHOD_MATCH = YES;
				CODE_SIGN_IDENTITY = "-";
				COPY_PHASE_STRIP = NO;
				DEBUG_INFORMATION_FORMAT = dwarf;
				ENABLE_STRICT_OBJC_MSGSEND = YES;
				ENABLE_TESTABILITY = YES;
				GCC_C_LANGUAGE_STANDARD = gnu99;
				GCC_DYNAMIC_NO_PIC = NO;
				GCC_NO_COMMON_BLOCKS = YES;
				GCC_OPTIMIZATION_LEVEL = 0;
				GCC_PREPROCESSOR_DEFINITIONS = (
					"DEBUG=1",
					"$(inherited)",
				);
				GCC_WARN_64_TO_32_BIT_CONVERSION = YES;
				GCC_WARN_ABOUT_RETURN_TYPE = YES_ERROR;
				GCC_WARN_UNDECLARED_SELECTOR = YES;
				GCC_WARN_UNINITIALIZED_AUTOS = YES_AGGRESSIVE;
				GCC_WARN_UNUSED_FUNCTION = YES;
				GCC_WARN_UNUSED_VARIABLE = YES;
				MACOSX_DEPLOYMENT_TARGET = 10.12;
				MTL_ENABLE_DEBUG_INFO = YES;
				ONLY_ACTIVE_ARCH = YES;
				SDKROOT = macosx;
			};
			name = Debug;
		};
		75D2A0771E3E383F00A31104 /* Release */ = {
			isa = XCBuildConfiguration;
			buildSettings = {
				ALWAYS_SEARCH_USER_PATHS = NO;
				CLANG_ANALYZER_NONNULL = YES;
				CLANG_CXX_LANGUAGE_STANDARD = "gnu++0x";
				CLANG_CXX_LIBRARY = "libc++";
				CLANG_ENABLE_MODULES = YES;
				CLANG_ENABLE_OBJC_ARC = YES;
				CLANG_WARN_BOOL_CONVERSION = YES;
				CLANG_WARN_CONSTANT_CONVERSION = YES;
				CLANG_WARN_DIRECT_OBJC_ISA_USAGE = YES_ERROR;
				CLANG_WARN_DOCUMENTATION_COMMENTS = YES;
				CLANG_WARN_EMPTY_BODY = YES;
				CLANG_WARN_ENUM_CONVERSION = YES;
				CLANG_WARN_INFINITE_RECURSION = YES;
				CLANG_WARN_INT_CONVERSION = YES;
				CLANG_WARN_OBJC_ROOT_CLASS = YES_ERROR;
				CLANG_WARN_SUSPICIOUS_MOVE = YES;
				CLANG_WARN_UNREACHABLE_CODE = YES;
				CLANG_WARN__DUPLICATE_METHOD_MATCH = YES;
				CODE_SIGN_IDENTITY = "-";
				COPY_PHASE_STRIP = NO;
				DEBUG_INFORMATION_FORMAT = "dwarf-with-dsym";
				ENABLE_NS_ASSERTIONS = NO;
				ENABLE_STRICT_OBJC_MSGSEND = YES;
				GCC_C_LANGUAGE_STANDARD = gnu99;
				GCC_NO_COMMON_BLOCKS = YES;
				GCC_WARN_64_TO_32_BIT_CONVERSION = YES;
				GCC_WARN_ABOUT_RETURN_TYPE = YES_ERROR;
				GCC_WARN_UNDECLARED_SELECTOR = YES;
				GCC_WARN_UNINITIALIZED_AUTOS = YES_AGGRESSIVE;
				GCC_WARN_UNUSED_FUNCTION = YES;
				GCC_WARN_UNUSED_VARIABLE = YES;
				MACOSX_DEPLOYMENT_TARGET = 10.12;
				MTL_ENABLE_DEBUG_INFO = NO;
				SDKROOT = macosx;
			};
			name = Release;
		};
		75D2A0791E3E383F00A31104 /* Debug */ = {
			isa = XCBuildConfiguration;
			buildSettings = {
				DEVELOPMENT_TEAM = MJA597TJD5;
				PRODUCT_NAME = "$(TARGET_NAME)";
			};
			name = Debug;
		};
		75D2A07A1E3E383F00A31104 /* Release */ = {
			isa = XCBuildConfiguration;
			buildSettings = {
				DEVELOPMENT_TEAM = MJA597TJD5;
				PRODUCT_NAME = "$(TARGET_NAME)";
			};
			name = Release;
		};
/* End XCBuildConfiguration section */

/* Begin XCConfigurationList section */
		75D2A06C1E3E383E00A31104 /* Build configuration list for PBXProject "oving4" */ = {
			isa = XCConfigurationList;
			buildConfigurations = (
				75D2A0761E3E383F00A31104 /* Debug */,
				75D2A0771E3E383F00A31104 /* Release */,
			);
			defaultConfigurationIsVisible = 0;
			defaultConfigurationName = Release;
		};
		75D2A0781E3E383F00A31104 /* Build configuration list for PBXNativeTarget "oving4" */ = {
			isa = XCConfigurationList;
			buildConfigurations = (
				75D2A0791E3E383F00A31104 /* Debug */,
				75D2A07A1E3E383F00A31104 /* Release */,
			);
			defaultConfigurationIsVisible = 0;
			defaultConfigurationName = Release;
		};
/* End XCConfigurationList section */
	};
	rootObject = 75D2A0691E3E383E00A31104 /* Project object */;
}
