// !$*UTF8*$!
{
	archiveVersion = 1;
	classes = {
	};
	objectVersion = 46;
	objects = {

/* Begin PBXBuildFile section */
		752C3E4D1E509466004255C6 /* card.cpp in Sources */ = {isa = PBXBuildFile; fileRef = 752C3E4B1E509466004255C6 /* card.cpp */; };
		752C3E501E50CB29004255C6 /* blackjack.cpp in Sources */ = {isa = PBXBuildFile; fileRef = 752C3E4E1E50CB29004255C6 /* blackjack.cpp */; };
		759F713A1E4E51CB0010AEEC /* main.cpp in Sources */ = {isa = PBXBuildFile; fileRef = 759F71391E4E51CB0010AEEC /* main.cpp */; };
/* End PBXBuildFile section */

/* Begin PBXCopyFilesBuildPhase section */
		759F71341E4E51CB0010AEEC /* CopyFiles */ = {
			isa = PBXCopyFilesBuildPhase;
			buildActionMask = 2147483647;
			dstPath = /usr/share/man/man1/;
			dstSubfolderSpec = 0;
			files = (
			);
			runOnlyForDeploymentPostprocessing = 1;
		};
/* End PBXCopyFilesBuildPhase section */

/* Begin PBXFileReference section */
		752C3E4B1E509466004255C6 /* card.cpp */ = {isa = PBXFileReference; fileEncoding = 4; lastKnownFileType = sourcecode.cpp.cpp; path = card.cpp; sourceTree = "<group>"; };
		752C3E4C1E509466004255C6 /* card.hpp */ = {isa = PBXFileReference; fileEncoding = 4; lastKnownFileType = sourcecode.cpp.h; path = card.hpp; sourceTree = "<group>"; };
		752C3E4E1E50CB29004255C6 /* blackjack.cpp */ = {isa = PBXFileReference; fileEncoding = 4; lastKnownFileType = sourcecode.cpp.cpp; path = blackjack.cpp; sourceTree = "<group>"; };
		752C3E4F1E50CB29004255C6 /* blackjack.hpp */ = {isa = PBXFileReference; fileEncoding = 4; lastKnownFileType = sourcecode.cpp.h; path = blackjack.hpp; sourceTree = "<group>"; };
		759F71361E4E51CB0010AEEC /* oving_5 */ = {isa = PBXFileReference; explicitFileType = "compiled.mach-o.executable"; includeInIndex = 0; path = oving_5; sourceTree = BUILT_PRODUCTS_DIR; };
		759F71391E4E51CB0010AEEC /* main.cpp */ = {isa = PBXFileReference; lastKnownFileType = sourcecode.cpp.cpp; path = main.cpp; sourceTree = "<group>"; };
/* End PBXFileReference section */

/* Begin PBXFrameworksBuildPhase section */
		759F71331E4E51CB0010AEEC /* Frameworks */ = {
			isa = PBXFrameworksBuildPhase;
			buildActionMask = 2147483647;
			files = (
			);
			runOnlyForDeploymentPostprocessing = 0;
		};
/* End PBXFrameworksBuildPhase section */

/* Begin PBXGroup section */
		759F712D1E4E51CB0010AEEC = {
			isa = PBXGroup;
			children = (
				759F71381E4E51CB0010AEEC /* oving_5 */,
				759F71371E4E51CB0010AEEC /* Products */,
			);
			sourceTree = "<group>";
		};
		759F71371E4E51CB0010AEEC /* Products */ = {
			isa = PBXGroup;
			children = (
				759F71361E4E51CB0010AEEC /* oving_5 */,
			);
			name = Products;
			sourceTree = "<group>";
		};
		759F71381E4E51CB0010AEEC /* oving_5 */ = {
			isa = PBXGroup;
			children = (
				759F71391E4E51CB0010AEEC /* main.cpp */,
				752C3E4B1E509466004255C6 /* card.cpp */,
				752C3E4E1E50CB29004255C6 /* blackjack.cpp */,
				752C3E4F1E50CB29004255C6 /* blackjack.hpp */,
				752C3E4C1E509466004255C6 /* card.hpp */,
			);
			path = oving_5;
			sourceTree = "<group>";
		};
/* End PBXGroup section */

/* Begin PBXNativeTarget section */
		759F71351E4E51CB0010AEEC /* oving_5 */ = {
			isa = PBXNativeTarget;
			buildConfigurationList = 759F713D1E4E51CB0010AEEC /* Build configuration list for PBXNativeTarget "oving_5" */;
			buildPhases = (
				759F71321E4E51CB0010AEEC /* Sources */,
				759F71331E4E51CB0010AEEC /* Frameworks */,
				759F71341E4E51CB0010AEEC /* CopyFiles */,
			);
			buildRules = (
			);
			dependencies = (
			);
			name = oving_5;
			productName = oving_5;
			productReference = 759F71361E4E51CB0010AEEC /* oving_5 */;
			productType = "com.apple.product-type.tool";
		};
/* End PBXNativeTarget section */

/* Begin PBXProject section */
		759F712E1E4E51CB0010AEEC /* Project object */ = {
			isa = PBXProject;
			attributes = {
				LastUpgradeCheck = 0820;
				ORGANIZATIONNAME = "Mikal Stapnes";
				TargetAttributes = {
					759F71351E4E51CB0010AEEC = {
						CreatedOnToolsVersion = 8.2.1;
						DevelopmentTeam = MJA597TJD5;
						ProvisioningStyle = Automatic;
					};
				};
			};
			buildConfigurationList = 759F71311E4E51CB0010AEEC /* Build configuration list for PBXProject "oving_5" */;
			compatibilityVersion = "Xcode 3.2";
			developmentRegion = English;
			hasScannedForEncodings = 0;
			knownRegions = (
				en,
			);
			mainGroup = 759F712D1E4E51CB0010AEEC;
			productRefGroup = 759F71371E4E51CB0010AEEC /* Products */;
			projectDirPath = "";
			projectRoot = "";
			targets = (
				759F71351E4E51CB0010AEEC /* oving_5 */,
			);
		};
/* End PBXProject section */

/* Begin PBXSourcesBuildPhase section */
		759F71321E4E51CB0010AEEC /* Sources */ = {
			isa = PBXSourcesBuildPhase;
			buildActionMask = 2147483647;
			files = (
				759F713A1E4E51CB0010AEEC /* main.cpp in Sources */,
				752C3E4D1E509466004255C6 /* card.cpp in Sources */,
				752C3E501E50CB29004255C6 /* blackjack.cpp in Sources */,
			);
			runOnlyForDeploymentPostprocessing = 0;
		};
/* End PBXSourcesBuildPhase section */

/* Begin XCBuildConfiguration section */
		759F713B1E4E51CB0010AEEC /* Debug */ = {
			isa = XCBuildConfiguration;
			buildSettings = {
				ALWAYS_SEARCH_USER_PATHS = NO;
				CLANG_ANALYZER_NONNULL = YES;
				CLANG_CXX_LANGUAGE_STANDARD = "gnu++0x";
				CLANG_CXX_LIBRARY = "libc++";
				CLANG_ENABLE_MODULES = YES;
				CLANG_ENABLE_OBJC_ARC = YES;
				CLANG_WARN_BOOL_CONVERSION = YES;
				CLANG_WARN_CONSTANT_CONVERSION = YES;
				CLANG_WARN_DIRECT_OBJC_ISA_USAGE = YES_ERROR;
				CLANG_WARN_DOCUMENTATION_COMMENTS = YES;
				CLANG_WARN_EMPTY_BODY = YES;
				CLANG_WARN_ENUM_CONVERSION = YES;
				CLANG_WARN_INFINITE_RECURSION = YES;
				CLANG_WARN_INT_CONVERSION = YES;
				CLANG_WARN_OBJC_ROOT_CLASS = YES_ERROR;
				CLANG_WARN_SUSPICIOUS_MOVE = YES;
				CLANG_WARN_UNREACHABLE_CODE = YES;
				CLANG_WARN__DUPLICATE_METHOD_MATCH = YES;
				CODE_SIGN_IDENTITY = "-";
				COPY_PHASE_STRIP = NO;
				DEBUG_INFORMATION_FORMAT = dwarf;
				ENABLE_STRICT_OBJC_MSGSEND = YES;
				ENABLE_TESTABILITY = YES;
				GCC_C_LANGUAGE_STANDARD = gnu99;
				GCC_DYNAMIC_NO_PIC = NO;
				GCC_NO_COMMON_BLOCKS = YES;
				GCC_OPTIMIZATION_LEVEL = 0;
				GCC_PREPROCESSOR_DEFINITIONS = (
					"DEBUG=1",
					"$(inherited)",
				);
				GCC_WARN_64_TO_32_BIT_CONVERSION = YES;
				GCC_WARN_ABOUT_RETURN_TYPE = YES_ERROR;
				GCC_WARN_UNDECLARED_SELECTOR = YES;
				GCC_WARN_UNINITIALIZED_AUTOS = YES_AGGRESSIVE;
				GCC_WARN_UNUSED_FUNCTION = YES;
				GCC_WARN_UNUSED_VARIABLE = YES;
				MACOSX_DEPLOYMENT_TARGET = 10.12;
				MTL_ENABLE_DEBUG_INFO = YES;
				ONLY_ACTIVE_ARCH = YES;
				SDKROOT = macosx;
			};
			name = Debug;
		};
		759F713C1E4E51CB0010AEEC /* Release */ = {
			isa = XCBuildConfiguration;
			buildSettings = {
				ALWAYS_SEARCH_USER_PATHS = NO;
				CLANG_ANALYZER_NONNULL = YES;
				CLANG_CXX_LANGUAGE_STANDARD = "gnu++0x";
				CLANG_CXX_LIBRARY = "libc++";
				CLANG_ENABLE_MODULES = YES;
				CLANG_ENABLE_OBJC_ARC = YES;
				CLANG_WARN_BOOL_CONVERSION = YES;
				CLANG_WARN_CONSTANT_CONVERSION = YES;
				CLANG_WARN_DIRECT_OBJC_ISA_USAGE = YES_ERROR;
				CLANG_WARN_DOCUMENTATION_COMMENTS = YES;
				CLANG_WARN_EMPTY_BODY = YES;
				CLANG_WARN_ENUM_CONVERSION = YES;
				CLANG_WARN_INFINITE_RECURSION = YES;
				CLANG_WARN_INT_CONVERSION = YES;
				CLANG_WARN_OBJC_ROOT_CLASS = YES_ERROR;
				CLANG_WARN_SUSPICIOUS_MOVE = YES;
				CLANG_WARN_UNREACHABLE_CODE = YES;
				CLANG_WARN__DUPLICATE_METHOD_MATCH = YES;
				CODE_SIGN_IDENTITY = "-";
				COPY_PHASE_STRIP = NO;
				DEBUG_INFORMATION_FORMAT = "dwarf-with-dsym";
				ENABLE_NS_ASSERTIONS = NO;
				ENABLE_STRICT_OBJC_MSGSEND = YES;
				GCC_C_LANGUAGE_STANDARD = gnu99;
				GCC_NO_COMMON_BLOCKS = YES;
				GCC_WARN_64_TO_32_BIT_CONVERSION = YES;
				GCC_WARN_ABOUT_RETURN_TYPE = YES_ERROR;
				GCC_WARN_UNDECLARED_SELECTOR = YES;
				GCC_WARN_UNINITIALIZED_AUTOS = YES_AGGRESSIVE;
				GCC_WARN_UNUSED_FUNCTION = YES;
				GCC_WARN_UNUSED_VARIABLE = YES;
				MACOSX_DEPLOYMENT_TARGET = 10.12;
				MTL_ENABLE_DEBUG_INFO = NO;
				SDKROOT = macosx;
			};
			name = Release;
		};
		759F713E1E4E51CB0010AEEC /* Debug */ = {
			isa = XCBuildConfiguration;
			buildSettings = {
				DEVELOPMENT_TEAM = MJA597TJD5;
				PRODUCT_NAME = "$(TARGET_NAME)";
			};
			name = Debug;
		};
		759F713F1E4E51CB0010AEEC /* Release */ = {
			isa = XCBuildConfiguration;
			buildSettings = {
				DEVELOPMENT_TEAM = MJA597TJD5;
				PRODUCT_NAME = "$(TARGET_NAME)";
			};
			name = Release;
		};
/* End XCBuildConfiguration section */

/* Begin XCConfigurationList section */
		759F71311E4E51CB0010AEEC /* Build configuration list for PBXProject "oving_5" */ = {
			isa = XCConfigurationList;
			buildConfigurations = (
				759F713B1E4E51CB0010AEEC /* Debug */,
				759F713C1E4E51CB0010AEEC /* Release */,
			);
			defaultConfigurationIsVisible = 0;
			defaultConfigurationName = Release;
		};
		759F713D1E4E51CB0010AEEC /* Build configuration list for PBXNativeTarget "oving_5" */ = {
			isa = XCConfigurationList;
			buildConfigurations = (
				759F713E1E4E51CB0010AEEC /* Debug */,
				759F713F1E4E51CB0010AEEC /* Release */,
			);
			defaultConfigurationIsVisible = 0;
			defaultConfigurationName = Release;
		};
/* End XCConfigurationList section */
	};
	rootObject = 759F712E1E4E51CB0010AEEC /* Project object */;
}
